
Microsoft Visual Studio Solution File, Format Version 12.00
# Visual Studio 15
VisualStudioVersion = 15.0.27428.2027
MinimumVisualStudioVersion = 10.0.40219.1
Project("{FAE04EC0-301F-11D3-BF4B-00C04F79EFBC}") = "{projectnamed}", "{projectnamed}.csproj", "{2574F603-4B6C-4A30-BFDD-E3BC09EEDFDF}"
EndProject
Global
	GlobalSection(SolutionConfigurationPlatforms) = preSolution
		Debug|Any CPU = Debug|Any CPU
		Release|Any CPU = Release|Any CPU
	EndGlobalSection
	GlobalSection(ProjectConfigurationPlatforms) = postSolution
		{2574F603-4B6C-4A30-BFDD-E3BC09EEDFDF}.Debug|Any CPU.ActiveCfg = Debug|Any CPU
		{2574F603-4B6C-4A30-BFDD-E3BC09EEDFDF}.Debug|Any CPU.Build.0 = Debug|Any CPU
		{2574F603-4B6C-4A30-BFDD-E3BC09EEDFDF}.Release|Any CPU.ActiveCfg = Release|Any CPU
		{2574F603-4B6C-4A30-BFDD-E3BC09EEDFDF}.Release|Any CPU.Build.0 = Release|Any CPU
	EndGlobalSection
	GlobalSection(SolutionProperties) = preSolution
		HideSolutionNode = FALSE
	EndGlobalSection
	GlobalSection(ExtensibilityGlobals) = postSolution
		SolutionGuid = {B44E15F7-3F21-4BCC-948D-159A45ECC754}
	EndGlobalSection
EndGlobal
